
Microsoft Visual Studio Solution File, Format Version 12.00
# Visual Studio Version 17
VisualStudioVersion = 17.0.31903.59
MinimumVisualStudioVersion = 10.0.40219.1
Project("{2150E333-8FDC-42A3-9474-1A3956D46DE8}") = "OOP", "OOP", "{D25D7511-E9F5-43CB-AD23-EE9BA667BB92}"
EndProject
Project("{FAE04EC0-301F-11D3-BF4B-00C04F79EFBC}") = "Bibliotekssystem", "OOP\Bibliotekssystem\Bibliotekssystem.csproj", "{8C142797-EB9C-43E9-AE0C-D5521695197F}"
EndProject
Project("{FAE04EC0-301F-11D3-BF4B-00C04F79EFBC}") = "BibSystemTest", "BibSystemTest\BibSystemTest.csproj", "{E831BDF4-A2B3-4ED1-9BC5-D0C17EE60462}"
EndProject
Global
	GlobalSection(SolutionConfigurationPlatforms) = preSolution
		Debug|Any CPU = Debug|Any CPU
		Release|Any CPU = Release|Any CPU
	EndGlobalSection
	GlobalSection(SolutionProperties) = preSolution
		HideSolutionNode = FALSE
	EndGlobalSection
	GlobalSection(ProjectConfigurationPlatforms) = postSolution
		{8C142797-EB9C-43E9-AE0C-D5521695197F}.Debug|Any CPU.ActiveCfg = Debug|Any CPU
		{8C142797-EB9C-43E9-AE0C-D5521695197F}.Debug|Any CPU.Build.0 = Debug|Any CPU
		{8C142797-EB9C-43E9-AE0C-D5521695197F}.Release|Any CPU.ActiveCfg = Release|Any CPU
		{8C142797-EB9C-43E9-AE0C-D5521695197F}.Release|Any CPU.Build.0 = Release|Any CPU
		{E831BDF4-A2B3-4ED1-9BC5-D0C17EE60462}.Debug|Any CPU.ActiveCfg = Debug|Any CPU
		{E831BDF4-A2B3-4ED1-9BC5-D0C17EE60462}.Debug|Any CPU.Build.0 = Debug|Any CPU
		{E831BDF4-A2B3-4ED1-9BC5-D0C17EE60462}.Release|Any CPU.ActiveCfg = Release|Any CPU
		{E831BDF4-A2B3-4ED1-9BC5-D0C17EE60462}.Release|Any CPU.Build.0 = Release|Any CPU
	EndGlobalSection
	GlobalSection(NestedProjects) = preSolution
		{8C142797-EB9C-43E9-AE0C-D5521695197F} = {D25D7511-E9F5-43CB-AD23-EE9BA667BB92}
	EndGlobalSection
EndGlobal
